
Microsoft Visual Studio Solution File, Format Version 12.00
# Visual Studio Version 16
VisualStudioVersion = 16.0.28803.202
MinimumVisualStudioVersion = 10.0.40219.1
Project("{FAE04EC0-301F-11D3-BF4B-00C04F79EFBC}") = "ConsoleGameEngine", "ConsoleGameEngine\ConsoleGameEngine.csproj", "{B7C12786-E7F4-4F8E-9A57-31590961C720}"
EndProject
Project("{FAE04EC0-301F-11D3-BF4B-00C04F79EFBC}") = "ConsoleGameEngine.Tests", "ConsoleGameEngine.Tests\ConsoleGameEngine.Tests.csproj", "{88FEC34A-EB7D-4C72-BC31-39130E9C14F5}"
EndProject
Global
	GlobalSection(SolutionConfigurationPlatforms) = preSolution
		Debug|Any CPU = Debug|Any CPU
		Release|Any CPU = Release|Any CPU
	EndGlobalSection
	GlobalSection(ProjectConfigurationPlatforms) = postSolution
		{B7C12786-E7F4-4F8E-9A57-31590961C720}.Debug|Any CPU.ActiveCfg = Debug|Any CPU
		{B7C12786-E7F4-4F8E-9A57-31590961C720}.Debug|Any CPU.Build.0 = Debug|Any CPU
		{B7C12786-E7F4-4F8E-9A57-31590961C720}.Release|Any CPU.ActiveCfg = Release|Any CPU
		{B7C12786-E7F4-4F8E-9A57-31590961C720}.Release|Any CPU.Build.0 = Release|Any CPU
		{88FEC34A-EB7D-4C72-BC31-39130E9C14F5}.Debug|Any CPU.ActiveCfg = Debug|Any CPU
		{88FEC34A-EB7D-4C72-BC31-39130E9C14F5}.Debug|Any CPU.Build.0 = Debug|Any CPU
		{88FEC34A-EB7D-4C72-BC31-39130E9C14F5}.Release|Any CPU.ActiveCfg = Release|Any CPU
		{88FEC34A-EB7D-4C72-BC31-39130E9C14F5}.Release|Any CPU.Build.0 = Release|Any CPU
	EndGlobalSection
	GlobalSection(SolutionProperties) = preSolution
		HideSolutionNode = FALSE
	EndGlobalSection
	GlobalSection(ExtensibilityGlobals) = postSolution
		SolutionGuid = {707EBBD8-853A-4B27-BD96-3C4F52469272}
	EndGlobalSection
EndGlobal
